{
    "version": 3,
    "terraform_version": "0.11.8",
    "serial": 60,
    "lineage": "9ec32f07-9cff-6fae-94b6-808f89e26af8",
    "modules": [
        {
            "path": [
                "root"
            ],
            "outputs": {
                "image_id": {
                    "sensitive": false,
                    "type": "string",
                    "value": "ami-3291be54"
                },
                "jenkins_server_dns": {
                    "sensitive": false,
                    "type": "string",
                    "value": "ec2-34-242-112-86.eu-west-1.compute.amazonaws.com"
                },
                "public_ip": {
                    "sensitive": false,
                    "type": "string",
                    "value": "34.242.112.86"
                }
            },
            "resources": {
                "aws_instance.vk-jenkins-server": {
                    "type": "aws_instance",
                    "depends_on": [
                        "data.aws_security_group.vk-jenkins-sg"
                    ],
                    "primary": {
                        "id": "i-0ae210135242a720e",
                        "attributes": {
                            "ami": "ami-0bdb1d6c15a40392c",
                            "arn": "arn:aws:ec2:eu-west-1:386663123005:instance/i-0ae210135242a720e",
                            "associate_public_ip_address": "true",
                            "availability_zone": "eu-west-1c",
                            "cpu_core_count": "1",
                            "cpu_threads_per_core": "1",
                            "credit_specification.#": "1",
                            "credit_specification.0.cpu_credits": "standard",
                            "disable_api_termination": "false",
                            "ebs_block_device.#": "0",
                            "ebs_optimized": "false",
                            "ephemeral_block_device.#": "0",
                            "get_password_data": "false",
                            "iam_instance_profile": "",
                            "id": "i-0ae210135242a720e",
                            "instance_state": "running",
                            "instance_type": "t2.micro",
                            "ipv6_addresses.#": "0",
                            "key_name": "vk_es2",
                            "monitoring": "false",
                            "network_interface.#": "0",
                            "network_interface_id": "eni-043dc9a63ed73bd5d",
                            "password_data": "",
                            "placement_group": "",
                            "primary_network_interface_id": "eni-043dc9a63ed73bd5d",
                            "private_dns": "ip-172-31-0-213.eu-west-1.compute.internal",
                            "private_ip": "172.31.0.213",
                            "public_dns": "ec2-34-244-223-124.eu-west-1.compute.amazonaws.com",
                            "public_ip": "34.244.223.124",
                            "root_block_device.#": "1",
                            "root_block_device.0.delete_on_termination": "true",
                            "root_block_device.0.iops": "100",
                            "root_block_device.0.volume_id": "vol-07425919ae9b84c81",
                            "root_block_device.0.volume_size": "8",
                            "root_block_device.0.volume_type": "gp2",
                            "security_groups.#": "1",
                            "security_groups.175015544": "vk-jenkins-sg",
                            "source_dest_check": "true",
                            "subnet_id": "subnet-f51dba93",
                            "tags.%": "1",
                            "tags.Name": "vklymniuk-final-mile",
                            "tenancy": "default",
                            "volume_tags.%": "0",
                            "vpc_security_group_ids.#": "1",
                            "vpc_security_group_ids.1163012776": "sg-0e178e76fa855b2d6"
                        },
                        "meta": {
                            "e2bfb730-ecaa-11e6-8f88-34363bc7c4c0": {
                                "create": 600000000000,
                                "delete": 1200000000000,
                                "update": 600000000000
                            },
                            "schema_version": "1"
                        },
                        "tainted": true
                    },
                    "deposed": [],
                    "provider": "provider.aws"
                },
                "aws_s3_bucket.vk-test-demo-bucket": {
                    "type": "aws_s3_bucket",
                    "depends_on": [],
                    "primary": {
                        "id": "vk-test-demo",
                        "attributes": {
                            "acceleration_status": "",
                            "acl": "public-read",
                            "arn": "arn:aws:s3:::vk-test-demo",
                            "bucket": "vk-test-demo",
                            "bucket_domain_name": "vk-test-demo.s3.amazonaws.com",
                            "bucket_regional_domain_name": "vk-test-demo.s3.eu-west-1.amazonaws.com",
                            "cors_rule.#": "0",
                            "force_destroy": "false",
                            "hosted_zone_id": "Z1BKCTXD74EZPE",
                            "id": "vk-test-demo",
                            "lifecycle_rule.#": "0",
                            "logging.#": "0",
                            "policy": "{\"Statement\":[{\"Action\":[\"s3:GetObject\",\"s3:GetObjectVersion\"],\"Effect\":\"Allow\",\"Principal\":\"*\",\"Resource\":\"arn:aws:s3:::vk-test-demo/*\"}],\"Version\":\"2012-10-17\"}",
                            "region": "eu-west-1",
                            "replication_configuration.#": "0",
                            "request_payer": "BucketOwner",
                            "server_side_encryption_configuration.#": "0",
                            "tags.%": "0",
                            "versioning.#": "1",
                            "versioning.0.enabled": "false",
                            "versioning.0.mfa_delete": "false",
                            "website.#": "1",
                            "website.0.error_document": "error.html",
                            "website.0.index_document": "index.html",
                            "website.0.redirect_all_requests_to": "",
                            "website.0.routing_rules": "",
                            "website_domain": "s3-website-eu-west-1.amazonaws.com",
                            "website_endpoint": "vk-test-demo.s3-website-eu-west-1.amazonaws.com"
                        },
                        "meta": {},
                        "tainted": false
                    },
                    "deposed": [],
                    "provider": "provider.aws"
                },
                "aws_security_group.vk-jenkins-sg-web": {
                    "type": "aws_security_group",
                    "depends_on": [],
                    "primary": {
                        "id": "sg-0e178e76fa855b2d6",
                        "attributes": {
                            "arn": "arn:aws:ec2:eu-west-1:386663123005:security-group/sg-0e178e76fa855b2d6",
                            "description": "Managed by Terraform",
                            "egress.#": "1",
                            "egress.482069346.cidr_blocks.#": "1",
                            "egress.482069346.cidr_blocks.0": "0.0.0.0/0",
                            "egress.482069346.description": "",
                            "egress.482069346.from_port": "0",
                            "egress.482069346.ipv6_cidr_blocks.#": "0",
                            "egress.482069346.prefix_list_ids.#": "0",
                            "egress.482069346.protocol": "-1",
                            "egress.482069346.security_groups.#": "0",
                            "egress.482069346.self": "false",
                            "egress.482069346.to_port": "0",
                            "id": "sg-0e178e76fa855b2d6",
                            "ingress.#": "2",
                            "ingress.1742387022.cidr_blocks.#": "1",
                            "ingress.1742387022.cidr_blocks.0": "0.0.0.0/0",
                            "ingress.1742387022.description": "",
                            "ingress.1742387022.from_port": "80",
                            "ingress.1742387022.ipv6_cidr_blocks.#": "0",
                            "ingress.1742387022.prefix_list_ids.#": "0",
                            "ingress.1742387022.protocol": "tcp",
                            "ingress.1742387022.security_groups.#": "0",
                            "ingress.1742387022.self": "false",
                            "ingress.1742387022.to_port": "8080",
                            "ingress.2541437006.cidr_blocks.#": "1",
                            "ingress.2541437006.cidr_blocks.0": "0.0.0.0/0",
                            "ingress.2541437006.description": "",
                            "ingress.2541437006.from_port": "22",
                            "ingress.2541437006.ipv6_cidr_blocks.#": "0",
                            "ingress.2541437006.prefix_list_ids.#": "0",
                            "ingress.2541437006.protocol": "tcp",
                            "ingress.2541437006.security_groups.#": "0",
                            "ingress.2541437006.self": "false",
                            "ingress.2541437006.to_port": "22",
                            "name": "vk-jenkins-sg",
                            "owner_id": "386663123005",
                            "revoke_rules_on_delete": "false",
                            "tags.%": "1",
                            "tags.Name": "vklymniuk-final-mile-jenkins-sg",
                            "vpc_id": "vpc-74ec7512"
                        },
                        "meta": {
                            "e2bfb730-ecaa-11e6-8f88-34363bc7c4c0": {
                                "create": 600000000000,
                                "delete": 600000000000
                            },
                            "schema_version": "1"
                        },
                        "tainted": false
                    },
                    "deposed": [],
                    "provider": "provider.aws"
                },
                "data.aws_ami.base": {
                    "type": "aws_ami",
                    "depends_on": [],
                    "primary": {
                        "id": "ami-3291be54",
                        "attributes": {
                            "architecture": "x86_64",
                            "block_device_mappings.#": "1",
                            "block_device_mappings.340275815.device_name": "/dev/xvda",
                            "block_device_mappings.340275815.ebs.%": "6",
                            "block_device_mappings.340275815.ebs.delete_on_termination": "true",
                            "block_device_mappings.340275815.ebs.encrypted": "false",
                            "block_device_mappings.340275815.ebs.iops": "0",
                            "block_device_mappings.340275815.ebs.snapshot_id": "snap-0e84e0d4cc29811bc",
                            "block_device_mappings.340275815.ebs.volume_size": "8",
                            "block_device_mappings.340275815.ebs.volume_type": "gp2",
                            "block_device_mappings.340275815.no_device": "",
                            "block_device_mappings.340275815.virtual_name": "",
                            "creation_date": "2017-02-28T06:24:28.000Z",
                            "description": "Debian jessie amd64",
                            "filter.#": "2",
                            "filter.2042908187.name": "name",
                            "filter.2042908187.values.#": "1",
                            "filter.2042908187.values.0": "debian-jessie-amd64-hvm-*",
                            "filter.490168357.name": "virtualization-type",
                            "filter.490168357.values.#": "1",
                            "filter.490168357.values.0": "hvm",
                            "hypervisor": "xen",
                            "id": "ami-3291be54",
                            "image_id": "ami-3291be54",
                            "image_location": "aws-marketplace/debian-jessie-amd64-hvm-2017-01-15-1221-ebs-39d3917e-ff4e-4597-848e-4d0fdf8529e6-ami-b14ba7a7.4",
                            "image_owner_alias": "aws-marketplace",
                            "image_type": "machine",
                            "most_recent": "true",
                            "name": "debian-jessie-amd64-hvm-2017-01-15-1221-ebs-39d3917e-ff4e-4597-848e-4d0fdf8529e6-ami-b14ba7a7.4",
                            "owner_id": "679593333241",
                            "owners.#": "1",
                            "owners.0": "679593333241",
                            "product_codes.#": "1",
                            "product_codes.1092835546.product_code_id": "3f8t6t8fp5m9xx18yzwriozxi",
                            "product_codes.1092835546.product_code_type": "marketplace",
                            "public": "true",
                            "root_device_name": "/dev/xvda",
                            "root_device_type": "ebs",
                            "root_snapshot_id": "snap-0e84e0d4cc29811bc",
                            "sriov_net_support": "simple",
                            "state": "available",
                            "state_reason.%": "2",
                            "state_reason.code": "UNSET",
                            "state_reason.message": "UNSET",
                            "tags.%": "0",
                            "virtualization_type": "hvm"
                        },
                        "meta": {},
                        "tainted": false
                    },
                    "deposed": [],
                    "provider": "provider.aws"
                },
                "data.aws_security_group.vk-jenkins-sg": {
                    "type": "aws_security_group",
                    "depends_on": [
                        "aws_security_group.vk-jenkins-sg-web"
                    ],
                    "primary": {
                        "id": "sg-0e178e76fa855b2d6",
                        "attributes": {
                            "arn": "arn:aws:ec2:eu-west-1:386663123005:security-group/sg-0e178e76fa855b2d6",
                            "description": "Managed by Terraform",
                            "filter.#": "1",
                            "filter.2862691301.name": "group-name",
                            "filter.2862691301.values.#": "1",
                            "filter.2862691301.values.1037930785": "vk-jenkins-sg",
                            "id": "sg-0e178e76fa855b2d6",
                            "name": "vk-jenkins-sg",
                            "tags.%": "1",
                            "tags.Name": "vklymniuk-final-mile-jenkins-sg",
                            "vpc_id": "vpc-74ec7512"
                        },
                        "meta": {},
                        "tainted": false
                    },
                    "deposed": [],
                    "provider": "provider.aws"
                }
            },
            "depends_on": []
        }
    ]
}
