{
  "version": 4,
  "terraform_version": "0.13.5",
  "serial": 43,
  "lineage": "3792bd71-1a9f-3a03-ffd6-f80f768d484c",
  "outputs": {},
  "resources": [
    {
      "mode": "managed",
      "type": "hcloud_network",
      "name": "mynet",
      "provider": "provider[\"registry.terraform.io/hetznercloud/hcloud\"]",
      "instances": [
        {
          "schema_version": 0,
          "attributes": {
            "id": "253243",
            "ip_range": "10.0.0.0/8",
            "labels": null,
            "name": "my-net"
          },
          "private": "bnVsbA=="
        }
      ]
    },
    {
      "mode": "managed",
      "type": "hcloud_network_subnet",
      "name": "foonet",
      "provider": "provider[\"registry.terraform.io/hetznercloud/hcloud\"]",
      "instances": [
        {
          "schema_version": 0,
          "attributes": {
            "gateway": "10.0.0.1",
            "id": "253243-10.0.1.0/24",
            "ip_range": "10.0.1.0/24",
            "network_id": 253243,
            "network_zone": "eu-central",
            "type": "cloud",
            "vswitch_id": null
          },
          "private": "bnVsbA==",
          "dependencies": [
            "hcloud_network.mynet"
          ]
        }
      ]
    },
    {
      "mode": "managed",
      "type": "hcloud_server",
      "name": "myserver",
      "provider": "provider[\"registry.terraform.io/hetznercloud/hcloud\"]",
      "instances": [
        {
          "schema_version": 0,
          "attributes": {
            "backup_window": "",
            "backups": false,
            "datacenter": "fsn1-dc14",
            "id": "8655776",
            "image": "centos-7",
            "ipv4_address": "168.119.250.193",
            "ipv6_address": "2a01:4f8:c010:344f::1",
            "ipv6_network": "2a01:4f8:c010:344f::/64",
            "iso": null,
            "keep_disk": false,
            "labels": null,
            "location": "fsn1",
            "name": "someerver",
            "rescue": null,
            "server_type": "cx11",
            "ssh_keys": null,
            "status": "running",
            "user_data": null
          },
          "private": "bnVsbA=="
        }
      ]
    },
    {
      "mode": "managed",
      "type": "hcloud_server_network",
      "name": "srvnetwork",
      "provider": "provider[\"registry.terraform.io/hetznercloud/hcloud\"]",
      "instances": [
        {
          "schema_version": 0,
          "attributes": {
            "alias_ips": null,
            "id": "8655776-253243",
            "ip": "10.0.1.5",
            "mac_address": "86:00:00:7f:ea:42",
            "network_id": 253243,
            "server_id": 8655776,
            "subnet_id": null
          },
          "private": "bnVsbA==",
          "dependencies": [
            "hcloud_network.mynet",
            "hcloud_server.myserver"
          ]
        }
      ]
    },
    {
      "mode": "managed",
      "type": "hcloud_ssh_key",
      "name": "default",
      "provider": "provider[\"registry.terraform.io/hetznercloud/hcloud\"]",
      "instances": [
        {
          "schema_version": 0,
          "attributes": {
            "fingerprint": "b6:18:90:61:e2:83:ec:64:a1:3d:cc:08:f3:53:a7:5a",
            "id": "2409074",
            "labels": null,
            "name": "Terraform Example",
            "public_key": "ssh-rsa AAAAB3NzaC1yc2EAAAADAQABAAABgQCwfKp20OzTWMu33XzvUkuoxYYbSMBRHSoB00iIleTnOPjIV8Xjo4PRePRaMTw3Ov0Igu0j+o+kBLXK5LDlO71dm3Y/8ZKlZPb+jH4Q4/lDNEqpp2XTdp6pzR2zX1/OUhd8/UQRO0t/W1raKIMmTEWUtGFLMJCF1zLPkI+IlAMrpCXyyole8IgKpt0lhx754W6PmElCRboM4MqMbn6j7+IQ+OdnSQZMAs0UjkcXx0i4X9XyhUfXulfaD1cROzySrUuSaG5+5xTbDtW1zsTBOYZIb9qJl3RYhiZD+SnKUnZPvDtzQpiZ35kC6BmK29skWAaVWQcYhF/segcJLn6nuUBVYh+ESZO0+dlxaHwMQNC3teUIghtTqLYO/gQmNZ8EsDw6g3j9jAQJROjPdRao7aDF2z9YwYKujooZrVG+d45DWDhTaJviCDXO7kgwSHFe0MGOkAYp4+syBauTe7H18KznxORxY8+1HhmddQpmsxzjDR2zTAARv+EFQSe7PjKJE9U= dmadson@dmadsons-MacBook-Pro.local\n"
          },
          "private": "bnVsbA=="
        }
      ]
    },
    {
      "mode": "managed",
      "type": "hcloud_volume",
      "name": "storage",
      "provider": "provider[\"registry.terraform.io/hetznercloud/hcloud\"]",
      "instances": [
        {
          "schema_version": 0,
          "attributes": {
            "automount": true,
            "format": "ext4",
            "id": "8117563",
            "labels": null,
            "linux_device": "/dev/disk/by-id/scsi-0HC_Volume_8117563",
            "location": "fsn1",
            "name": "myaasvolume",
            "server_id": 8655776,
            "size": 50
          },
          "private": "bnVsbA==",
          "dependencies": [
            "hcloud_server.myserver"
          ]
        }
      ]
    }
  ]
}
